
Microsoft Visual Studio Solution File, Format Version 12.00
# Visual Studio Version 17
VisualStudioVersion = 17.7.34031.279
MinimumVisualStudioVersion = 10.0.40219.1
Project("{FAE04EC0-301F-11D3-BF4B-00C04F79EFBC}") = "ApiAppLayer", "ApiAppLayer.csproj", "{B09330A2-5530-4095-BEC8-1266D1A4A233}"
EndProject
Project("{FAE04EC0-301F-11D3-BF4B-00C04F79EFBC}") = "BLL", "..\BLL\BLL.csproj", "{FEC35788-7C81-46F1-8CB3-25C8E2CC582F}"
EndProject
Project("{FAE04EC0-301F-11D3-BF4B-00C04F79EFBC}") = "DAL", "..\DAL\DAL.csproj", "{A3E7055A-A5F9-42E6-B619-2BD00B930A55}"
EndProject
Global
	GlobalSection(SolutionConfigurationPlatforms) = preSolution
		Debug|Any CPU = Debug|Any CPU
		Release|Any CPU = Release|Any CPU
	EndGlobalSection
	GlobalSection(ProjectConfigurationPlatforms) = postSolution
		{B09330A2-5530-4095-BEC8-1266D1A4A233}.Debug|Any CPU.ActiveCfg = Debug|Any CPU
		{B09330A2-5530-4095-BEC8-1266D1A4A233}.Debug|Any CPU.Build.0 = Debug|Any CPU
		{B09330A2-5530-4095-BEC8-1266D1A4A233}.Release|Any CPU.ActiveCfg = Release|Any CPU
		{B09330A2-5530-4095-BEC8-1266D1A4A233}.Release|Any CPU.Build.0 = Release|Any CPU
		{FEC35788-7C81-46F1-8CB3-25C8E2CC582F}.Debug|Any CPU.ActiveCfg = Debug|Any CPU
		{FEC35788-7C81-46F1-8CB3-25C8E2CC582F}.Debug|Any CPU.Build.0 = Debug|Any CPU
		{FEC35788-7C81-46F1-8CB3-25C8E2CC582F}.Release|Any CPU.ActiveCfg = Release|Any CPU
		{FEC35788-7C81-46F1-8CB3-25C8E2CC582F}.Release|Any CPU.Build.0 = Release|Any CPU
		{A3E7055A-A5F9-42E6-B619-2BD00B930A55}.Debug|Any CPU.ActiveCfg = Debug|Any CPU
		{A3E7055A-A5F9-42E6-B619-2BD00B930A55}.Debug|Any CPU.Build.0 = Debug|Any CPU
		{A3E7055A-A5F9-42E6-B619-2BD00B930A55}.Release|Any CPU.ActiveCfg = Release|Any CPU
		{A3E7055A-A5F9-42E6-B619-2BD00B930A55}.Release|Any CPU.Build.0 = Release|Any CPU
	EndGlobalSection
	GlobalSection(SolutionProperties) = preSolution
		HideSolutionNode = FALSE
	EndGlobalSection
	GlobalSection(ExtensibilityGlobals) = postSolution
		SolutionGuid = {25AD8609-C0A4-4A68-AAFA-F2AA0B5054C9}
	EndGlobalSection
EndGlobal
